
Microsoft Visual Studio Solution File, Format Version 12.00
# Visual Studio Version 17
VisualStudioVersion = 17.6.33723.286
MinimumVisualStudioVersion = 10.0.40219.1
Project("{9A19103F-16F7-4668-BE54-9A1E7A4F7556}") = "YourTube.Test", "YourTube.Test\YourTube.Test.csproj", "{79129C2B-377B-4297-BBFB-22AEC35B54C2}"
EndProject
Project("{FAE04EC0-301F-11D3-BF4B-00C04F79EFBC}") = "YourTube.Api", "YourTube.Api\YourTube.Api.csproj", "{438D51AD-8111-4E75-BF46-FABAF1ABABEE}"
EndProject
Global
	GlobalSection(SolutionConfigurationPlatforms) = preSolution
		Debug|Any CPU = Debug|Any CPU
		Release|Any CPU = Release|Any CPU
	EndGlobalSection
	GlobalSection(ProjectConfigurationPlatforms) = postSolution
		{79129C2B-377B-4297-BBFB-22AEC35B54C2}.Debug|Any CPU.ActiveCfg = Debug|Any CPU
		{79129C2B-377B-4297-BBFB-22AEC35B54C2}.Debug|Any CPU.Build.0 = Debug|Any CPU
		{79129C2B-377B-4297-BBFB-22AEC35B54C2}.Release|Any CPU.ActiveCfg = Release|Any CPU
		{79129C2B-377B-4297-BBFB-22AEC35B54C2}.Release|Any CPU.Build.0 = Release|Any CPU
		{438D51AD-8111-4E75-BF46-FABAF1ABABEE}.Debug|Any CPU.ActiveCfg = Debug|Any CPU
		{438D51AD-8111-4E75-BF46-FABAF1ABABEE}.Debug|Any CPU.Build.0 = Debug|Any CPU
		{438D51AD-8111-4E75-BF46-FABAF1ABABEE}.Release|Any CPU.ActiveCfg = Release|Any CPU
		{438D51AD-8111-4E75-BF46-FABAF1ABABEE}.Release|Any CPU.Build.0 = Release|Any CPU
	EndGlobalSection
	GlobalSection(SolutionProperties) = preSolution
		HideSolutionNode = FALSE
	EndGlobalSection
	GlobalSection(ExtensibilityGlobals) = postSolution
		SolutionGuid = {8CAB8CE2-6C0B-46EA-940A-E40D601C17DD}
	EndGlobalSection
EndGlobal
